// !$*UTF8*$!
{
	archiveVersion = 1;
	classes = {
	};
	objectVersion = 46;
	objects = {

/* Begin PBXBuildFile section */
		1C7D2E6B67DA2C5E648E2B0A /* Pods_RepositorySampleiOSTests.framework in Frameworks */ = {isa = PBXBuildFile; fileRef = 1E61F67D04B401622D9A7DA7 /* Pods_RepositorySampleiOSTests.framework */; };
		4377FF05784AE06C0D84E404 /* Pods_RepositorySampleiOS.framework in Frameworks */ = {isa = PBXBuildFile; fileRef = 97E6F8BD02DEE2CAFD4ED6DE /* Pods_RepositorySampleiOS.framework */; };
		7C307FEF1F49774100E1BE1F /* AppDelegate.swift in Sources */ = {isa = PBXBuildFile; fileRef = 7C307FEE1F49774100E1BE1F /* AppDelegate.swift */; };
		7C307FF11F49774100E1BE1F /* ViewController.swift in Sources */ = {isa = PBXBuildFile; fileRef = 7C307FF01F49774100E1BE1F /* ViewController.swift */; };
		7C307FF41F49774100E1BE1F /* Main.storyboard in Resources */ = {isa = PBXBuildFile; fileRef = 7C307FF21F49774100E1BE1F /* Main.storyboard */; };
		7C307FF61F49774100E1BE1F /* Assets.xcassets in Resources */ = {isa = PBXBuildFile; fileRef = 7C307FF51F49774100E1BE1F /* Assets.xcassets */; };
		7C307FF91F49774100E1BE1F /* LaunchScreen.storyboard in Resources */ = {isa = PBXBuildFile; fileRef = 7C307FF71F49774100E1BE1F /* LaunchScreen.storyboard */; };
		7C3080041F49774100E1BE1F /* RepositorySampleiOSTests.swift in Sources */ = {isa = PBXBuildFile; fileRef = 7C3080031F49774100E1BE1F /* RepositorySampleiOSTests.swift */; };
		7C3080121F49790900E1BE1F /* RestAdapter.swift in Sources */ = {isa = PBXBuildFile; fileRef = 7C3080111F49790900E1BE1F /* RestAdapter.swift */; };
		7C3080171F497A0400E1BE1F /* BaseModel.swift in Sources */ = {isa = PBXBuildFile; fileRef = 7C3080161F497A0400E1BE1F /* BaseModel.swift */; };
		7C30801B1F497A6A00E1BE1F /* Store.swift in Sources */ = {isa = PBXBuildFile; fileRef = 7C30801A1F497A6A00E1BE1F /* Store.swift */; };
		7C3080211F53FA5A00E1BE1F /* BaseCRUDProvider.swift in Sources */ = {isa = PBXBuildFile; fileRef = 7C3080201F53FA5A00E1BE1F /* BaseCRUDProvider.swift */; };
		7C3080231F53FB6000E1BE1F /* IAdapter.swift in Sources */ = {isa = PBXBuildFile; fileRef = 7C3080221F53FB6000E1BE1F /* IAdapter.swift */; };
		7C3080251F53FF0D00E1BE1F /* Code.swift in Sources */ = {isa = PBXBuildFile; fileRef = 7C3080241F53FF0D00E1BE1F /* Code.swift */; };
		7C3080281F54029C00E1BE1F /* Request.swift in Sources */ = {isa = PBXBuildFile; fileRef = 7C3080271F54029C00E1BE1F /* Request.swift */; };
		7C30802D1F54361300E1BE1F /* Response.swift in Sources */ = {isa = PBXBuildFile; fileRef = 7C30802C1F54361300E1BE1F /* Response.swift */; };
		7C30802F1F544AF900E1BE1F /* Authenticator.swift in Sources */ = {isa = PBXBuildFile; fileRef = 7C30802E1F544AF900E1BE1F /* Authenticator.swift */; };
		7C3080311F544EEC00E1BE1F /* UserDefaultTest.swift in Sources */ = {isa = PBXBuildFile; fileRef = 7C3080301F544EEC00E1BE1F /* UserDefaultTest.swift */; };
		7CC089FF1F555E2800523C08 /* Pods_RepositorySampleiOS.framework in Frameworks */ = {isa = PBXBuildFile; fileRef = 7CC089FE1F555E2800523C08 /* Pods_RepositorySampleiOS.framework */; };
		7CC08A001F555E5100523C08 /* PromiseKit.framework in Frameworks */ = {isa = PBXBuildFile; fileRef = 7CC089FC1F555DE000523C08 /* PromiseKit.framework */; };
		7CC08A061F55A09700523C08 /* Member.swift in Sources */ = {isa = PBXBuildFile; fileRef = 7CC08A051F55A09700523C08 /* Member.swift */; };
		7CC08A0A1F55B39100523C08 /* JwtTokenHelper.swift in Sources */ = {isa = PBXBuildFile; fileRef = 7CC08A091F55B39100523C08 /* JwtTokenHelper.swift */; };
		7CC08A0C1F56C03F00523C08 /* AuthenticationTest.swift in Sources */ = {isa = PBXBuildFile; fileRef = 7CC08A0B1F56C03F00523C08 /* AuthenticationTest.swift */; };
/* End PBXBuildFile section */

/* Begin PBXContainerItemProxy section */
		7C3080001F49774100E1BE1F /* PBXContainerItemProxy */ = {
			isa = PBXContainerItemProxy;
			containerPortal = 7C307FE31F49774100E1BE1F /* Project object */;
			proxyType = 1;
			remoteGlobalIDString = 7C307FEA1F49774100E1BE1F;
			remoteInfo = RepositorySampleiOS;
		};
/* End PBXContainerItemProxy section */

/* Begin PBXFileReference section */
		0855065E6D5FED9EB10457A9 /* Pods-RepositorySampleiOSTests.debug.xcconfig */ = {isa = PBXFileReference; includeInIndex = 1; lastKnownFileType = text.xcconfig; name = "Pods-RepositorySampleiOSTests.debug.xcconfig"; path = "Pods/Target Support Files/Pods-RepositorySampleiOSTests/Pods-RepositorySampleiOSTests.debug.xcconfig"; sourceTree = "<group>"; };
		14FE44FB1E36512BBC61C265 /* Pods-RepositorySampleiOS.debug.xcconfig */ = {isa = PBXFileReference; includeInIndex = 1; lastKnownFileType = text.xcconfig; name = "Pods-RepositorySampleiOS.debug.xcconfig"; path = "Pods/Target Support Files/Pods-RepositorySampleiOS/Pods-RepositorySampleiOS.debug.xcconfig"; sourceTree = "<group>"; };
		1E61F67D04B401622D9A7DA7 /* Pods_RepositorySampleiOSTests.framework */ = {isa = PBXFileReference; explicitFileType = wrapper.framework; includeInIndex = 0; path = Pods_RepositorySampleiOSTests.framework; sourceTree = BUILT_PRODUCTS_DIR; };
		7C307FEB1F49774100E1BE1F /* RepositorySampleiOS.app */ = {isa = PBXFileReference; explicitFileType = wrapper.application; includeInIndex = 0; path = RepositorySampleiOS.app; sourceTree = BUILT_PRODUCTS_DIR; };
		7C307FEE1F49774100E1BE1F /* AppDelegate.swift */ = {isa = PBXFileReference; lastKnownFileType = sourcecode.swift; path = AppDelegate.swift; sourceTree = "<group>"; };
		7C307FF01F49774100E1BE1F /* ViewController.swift */ = {isa = PBXFileReference; lastKnownFileType = sourcecode.swift; path = ViewController.swift; sourceTree = "<group>"; };
		7C307FF31F49774100E1BE1F /* Base */ = {isa = PBXFileReference; lastKnownFileType = file.storyboard; name = Base; path = Base.lproj/Main.storyboard; sourceTree = "<group>"; };
		7C307FF51F49774100E1BE1F /* Assets.xcassets */ = {isa = PBXFileReference; lastKnownFileType = folder.assetcatalog; path = Assets.xcassets; sourceTree = "<group>"; };
		7C307FF81F49774100E1BE1F /* Base */ = {isa = PBXFileReference; lastKnownFileType = file.storyboard; name = Base; path = Base.lproj/LaunchScreen.storyboard; sourceTree = "<group>"; };
		7C307FFA1F49774100E1BE1F /* Info.plist */ = {isa = PBXFileReference; lastKnownFileType = text.plist.xml; path = Info.plist; sourceTree = "<group>"; };
		7C307FFF1F49774100E1BE1F /* RepositorySampleiOSTests.xctest */ = {isa = PBXFileReference; explicitFileType = wrapper.cfbundle; includeInIndex = 0; path = RepositorySampleiOSTests.xctest; sourceTree = BUILT_PRODUCTS_DIR; };
		7C3080031F49774100E1BE1F /* RepositorySampleiOSTests.swift */ = {isa = PBXFileReference; lastKnownFileType = sourcecode.swift; path = RepositorySampleiOSTests.swift; sourceTree = "<group>"; };
		7C3080051F49774100E1BE1F /* Info.plist */ = {isa = PBXFileReference; lastKnownFileType = text.plist.xml; path = Info.plist; sourceTree = "<group>"; };
		7C3080111F49790900E1BE1F /* RestAdapter.swift */ = {isa = PBXFileReference; fileEncoding = 4; lastKnownFileType = sourcecode.swift; name = RestAdapter.swift; path = adapter/RestAdapter.swift; sourceTree = "<group>"; };
		7C3080161F497A0400E1BE1F /* BaseModel.swift */ = {isa = PBXFileReference; fileEncoding = 4; lastKnownFileType = sourcecode.swift; name = BaseModel.swift; path = model/BaseModel.swift; sourceTree = "<group>"; };
		7C30801A1F497A6A00E1BE1F /* Store.swift */ = {isa = PBXFileReference; fileEncoding = 4; lastKnownFileType = sourcecode.swift; name = Store.swift; path = store/Store.swift; sourceTree = "<group>"; };
		7C3080201F53FA5A00E1BE1F /* BaseCRUDProvider.swift */ = {isa = PBXFileReference; fileEncoding = 4; lastKnownFileType = sourcecode.swift; name = BaseCRUDProvider.swift; path = adapter/base/BaseCRUDProvider.swift; sourceTree = "<group>"; };
		7C3080221F53FB6000E1BE1F /* IAdapter.swift */ = {isa = PBXFileReference; fileEncoding = 4; lastKnownFileType = sourcecode.swift; name = IAdapter.swift; path = adapter/base/IAdapter.swift; sourceTree = "<group>"; };
		7C3080241F53FF0D00E1BE1F /* Code.swift */ = {isa = PBXFileReference; fileEncoding = 4; lastKnownFileType = sourcecode.swift; name = Code.swift; path = model/Code.swift; sourceTree = "<group>"; };
		7C3080271F54029C00E1BE1F /* Request.swift */ = {isa = PBXFileReference; fileEncoding = 4; lastKnownFileType = sourcecode.swift; name = Request.swift; path = webService/Request.swift; sourceTree = "<group>"; };
		7C30802C1F54361300E1BE1F /* Response.swift */ = {isa = PBXFileReference; fileEncoding = 4; lastKnownFileType = sourcecode.swift; name = Response.swift; path = webService/Response.swift; sourceTree = "<group>"; };
		7C30802E1F544AF900E1BE1F /* Authenticator.swift */ = {isa = PBXFileReference; fileEncoding = 4; lastKnownFileType = sourcecode.swift; name = Authenticator.swift; path = store/Authenticator.swift; sourceTree = "<group>"; };
		7C3080301F544EEC00E1BE1F /* UserDefaultTest.swift */ = {isa = PBXFileReference; fileEncoding = 4; lastKnownFileType = sourcecode.swift; path = UserDefaultTest.swift; sourceTree = "<group>"; };
		7C413D52192C353C0B1F2EC4 /* Pods-RepositorySampleiOSTests.release.xcconfig */ = {isa = PBXFileReference; includeInIndex = 1; lastKnownFileType = text.xcconfig; name = "Pods-RepositorySampleiOSTests.release.xcconfig"; path = "Pods/Target Support Files/Pods-RepositorySampleiOSTests/Pods-RepositorySampleiOSTests.release.xcconfig"; sourceTree = "<group>"; };
		7CC089FC1F555DE000523C08 /* PromiseKit.framework */ = {isa = PBXFileReference; lastKnownFileType = wrapper.framework; name = PromiseKit.framework; path = "../../../../Library/Developer/Xcode/DerivedData/RepositorySampleiOS-fziuczfrnvzubwanqjekfcuzervi/Build/Products/Debug-iphonesimulator/PromiseKit/PromiseKit.framework"; sourceTree = "<group>"; };
		7CC089FE1F555E2800523C08 /* Pods_RepositorySampleiOS.framework */ = {isa = PBXFileReference; lastKnownFileType = wrapper.framework; name = Pods_RepositorySampleiOS.framework; path = "../../../../Library/Developer/Xcode/DerivedData/RepositorySampleiOS-fziuczfrnvzubwanqjekfcuzervi/Build/Products/Debug-iphonesimulator/Pods_RepositorySampleiOS.framework"; sourceTree = "<group>"; };
		7CC08A051F55A09700523C08 /* Member.swift */ = {isa = PBXFileReference; fileEncoding = 4; lastKnownFileType = sourcecode.swift; name = Member.swift; path = model/Member.swift; sourceTree = "<group>"; };
		7CC08A091F55B39100523C08 /* JwtTokenHelper.swift */ = {isa = PBXFileReference; fileEncoding = 4; lastKnownFileType = sourcecode.swift; name = JwtTokenHelper.swift; path = mobile/utility/JwtTokenHelper.swift; sourceTree = "<group>"; };
		7CC08A0B1F56C03F00523C08 /* AuthenticationTest.swift */ = {isa = PBXFileReference; fileEncoding = 4; lastKnownFileType = sourcecode.swift; path = AuthenticationTest.swift; sourceTree = "<group>"; };
		97E6F8BD02DEE2CAFD4ED6DE /* Pods_RepositorySampleiOS.framework */ = {isa = PBXFileReference; explicitFileType = wrapper.framework; includeInIndex = 0; path = Pods_RepositorySampleiOS.framework; sourceTree = BUILT_PRODUCTS_DIR; };
		B32FC2C4EF76972A483B2E75 /* Pods-RepositorySampleiOS.release.xcconfig */ = {isa = PBXFileReference; includeInIndex = 1; lastKnownFileType = text.xcconfig; name = "Pods-RepositorySampleiOS.release.xcconfig"; path = "Pods/Target Support Files/Pods-RepositorySampleiOS/Pods-RepositorySampleiOS.release.xcconfig"; sourceTree = "<group>"; };
/* End PBXFileReference section */

/* Begin PBXFrameworksBuildPhase section */
		7C307FE81F49774100E1BE1F /* Frameworks */ = {
			isa = PBXFrameworksBuildPhase;
			buildActionMask = 2147483647;
			files = (
				4377FF05784AE06C0D84E404 /* Pods_RepositorySampleiOS.framework in Frameworks */,
			);
			runOnlyForDeploymentPostprocessing = 0;
		};
		7C307FFC1F49774100E1BE1F /* Frameworks */ = {
			isa = PBXFrameworksBuildPhase;
			buildActionMask = 2147483647;
			files = (
				7CC08A001F555E5100523C08 /* PromiseKit.framework in Frameworks */,
				7CC089FF1F555E2800523C08 /* Pods_RepositorySampleiOS.framework in Frameworks */,
				1C7D2E6B67DA2C5E648E2B0A /* Pods_RepositorySampleiOSTests.framework in Frameworks */,
			);
			runOnlyForDeploymentPostprocessing = 0;
		};
/* End PBXFrameworksBuildPhase section */

/* Begin PBXGroup section */
		592CC32D8C2D5A6757FE4A0C /* Frameworks */ = {
			isa = PBXGroup;
			children = (
				7CC089FE1F555E2800523C08 /* Pods_RepositorySampleiOS.framework */,
				7CC089FC1F555DE000523C08 /* PromiseKit.framework */,
				97E6F8BD02DEE2CAFD4ED6DE /* Pods_RepositorySampleiOS.framework */,
				1E61F67D04B401622D9A7DA7 /* Pods_RepositorySampleiOSTests.framework */,
			);
			name = Frameworks;
			sourceTree = "<group>";
		};
		7C307FE21F49774100E1BE1F = {
			isa = PBXGroup;
			children = (
				7C307FED1F49774100E1BE1F /* RepositorySampleiOS */,
				7C3080021F49774100E1BE1F /* RepositorySampleiOSTests */,
				7C307FEC1F49774100E1BE1F /* Products */,
				BB0C67E71F1E60B13C8B2128 /* Pods */,
				592CC32D8C2D5A6757FE4A0C /* Frameworks */,
			);
			sourceTree = "<group>";
		};
		7C307FEC1F49774100E1BE1F /* Products */ = {
			isa = PBXGroup;
			children = (
				7C307FEB1F49774100E1BE1F /* RepositorySampleiOS.app */,
				7C307FFF1F49774100E1BE1F /* RepositorySampleiOSTests.xctest */,
			);
			name = Products;
			sourceTree = "<group>";
		};
		7C307FED1F49774100E1BE1F /* RepositorySampleiOS */ = {
			isa = PBXGroup;
			children = (
				7CC08A071F55B32A00523C08 /* mobile */,
				7C3080261F54027300E1BE1F /* webService */,
				7C30801C1F497A7400E1BE1F /* store */,
				7C3080131F49799F00E1BE1F /* model */,
				7C30800E1F49775C00E1BE1F /* adapters */,
				7C307FEE1F49774100E1BE1F /* AppDelegate.swift */,
				7C307FF01F49774100E1BE1F /* ViewController.swift */,
				7C307FF21F49774100E1BE1F /* Main.storyboard */,
				7C307FF51F49774100E1BE1F /* Assets.xcassets */,
				7C307FF71F49774100E1BE1F /* LaunchScreen.storyboard */,
				7C307FFA1F49774100E1BE1F /* Info.plist */,
			);
			path = RepositorySampleiOS;
			sourceTree = "<group>";
		};
		7C3080021F49774100E1BE1F /* RepositorySampleiOSTests */ = {
			isa = PBXGroup;
			children = (
				7CC08A0B1F56C03F00523C08 /* AuthenticationTest.swift */,
				7C3080031F49774100E1BE1F /* RepositorySampleiOSTests.swift */,
				7C3080051F49774100E1BE1F /* Info.plist */,
				7C3080301F544EEC00E1BE1F /* UserDefaultTest.swift */,
			);
			path = RepositorySampleiOSTests;
			sourceTree = "<group>";
		};
		7C30800E1F49775C00E1BE1F /* adapters */ = {
			isa = PBXGroup;
			children = (
				7C30801F1F53FA1D00E1BE1F /* base */,
				7C3080111F49790900E1BE1F /* RestAdapter.swift */,
			);
			name = adapters;
			sourceTree = "<group>";
		};
		7C3080131F49799F00E1BE1F /* model */ = {
			isa = PBXGroup;
			children = (
				7C3080161F497A0400E1BE1F /* BaseModel.swift */,
				7C3080241F53FF0D00E1BE1F /* Code.swift */,
				7CC08A051F55A09700523C08 /* Member.swift */,
			);
			name = model;
			sourceTree = "<group>";
		};
		7C30801C1F497A7400E1BE1F /* store */ = {
			isa = PBXGroup;
			children = (
				7C30801A1F497A6A00E1BE1F /* Store.swift */,
			);
			name = store;
			sourceTree = "<group>";
		};
		7C30801F1F53FA1D00E1BE1F /* base */ = {
			isa = PBXGroup;
			children = (
				7C3080201F53FA5A00E1BE1F /* BaseCRUDProvider.swift */,
				7C3080221F53FB6000E1BE1F /* IAdapter.swift */,
			);
			name = base;
			sourceTree = "<group>";
		};
		7C3080261F54027300E1BE1F /* webService */ = {
			isa = PBXGroup;
			children = (
				7C3080271F54029C00E1BE1F /* Request.swift */,
				7C30802C1F54361300E1BE1F /* Response.swift */,
				7C30802E1F544AF900E1BE1F /* Authenticator.swift */,
			);
			name = webService;
			sourceTree = "<group>";
		};
		7CC08A071F55B32A00523C08 /* mobile */ = {
			isa = PBXGroup;
			children = (
				7CC08A081F55B34500523C08 /* utility */,
			);
			name = mobile;
			sourceTree = "<group>";
		};
		7CC08A081F55B34500523C08 /* utility */ = {
			isa = PBXGroup;
			children = (
				7CC08A091F55B39100523C08 /* JwtTokenHelper.swift */,
			);
			name = utility;
			sourceTree = "<group>";
		};
		BB0C67E71F1E60B13C8B2128 /* Pods */ = {
			isa = PBXGroup;
			children = (
				14FE44FB1E36512BBC61C265 /* Pods-RepositorySampleiOS.debug.xcconfig */,
				B32FC2C4EF76972A483B2E75 /* Pods-RepositorySampleiOS.release.xcconfig */,
				0855065E6D5FED9EB10457A9 /* Pods-RepositorySampleiOSTests.debug.xcconfig */,
				7C413D52192C353C0B1F2EC4 /* Pods-RepositorySampleiOSTests.release.xcconfig */,
			);
			name = Pods;
			sourceTree = "<group>";
		};
/* End PBXGroup section */

/* Begin PBXNativeTarget section */
		7C307FEA1F49774100E1BE1F /* RepositorySampleiOS */ = {
			isa = PBXNativeTarget;
			buildConfigurationList = 7C3080081F49774100E1BE1F /* Build configuration list for PBXNativeTarget "RepositorySampleiOS" */;
			buildPhases = (
				88289E1DA0D3CF2412A93B85 /* [CP] Check Pods Manifest.lock */,
				7C307FE71F49774100E1BE1F /* Sources */,
				7C307FE81F49774100E1BE1F /* Frameworks */,
				7C307FE91F49774100E1BE1F /* Resources */,
				02530AA6EF3530EC38C54ECF /* [CP] Embed Pods Frameworks */,
				B56C5D20706B44BD0A8FF8C7 /* [CP] Copy Pods Resources */,
			);
			buildRules = (
			);
			dependencies = (
			);
			name = RepositorySampleiOS;
			productName = RepositorySampleiOS;
			productReference = 7C307FEB1F49774100E1BE1F /* RepositorySampleiOS.app */;
			productType = "com.apple.product-type.application";
		};
		7C307FFE1F49774100E1BE1F /* RepositorySampleiOSTests */ = {
			isa = PBXNativeTarget;
			buildConfigurationList = 7C30800B1F49774100E1BE1F /* Build configuration list for PBXNativeTarget "RepositorySampleiOSTests" */;
			buildPhases = (
				1FEBE0264AA3094D8E3FB30B /* [CP] Check Pods Manifest.lock */,
				7C307FFB1F49774100E1BE1F /* Sources */,
				7C307FFC1F49774100E1BE1F /* Frameworks */,
				7C307FFD1F49774100E1BE1F /* Resources */,
				DF7F417194DEF889B4ACB79D /* [CP] Embed Pods Frameworks */,
				665F18B670C90BE0FDE3BE00 /* [CP] Copy Pods Resources */,
			);
			buildRules = (
			);
			dependencies = (
				7C3080011F49774100E1BE1F /* PBXTargetDependency */,
			);
			name = RepositorySampleiOSTests;
			productName = RepositorySampleiOSTests;
			productReference = 7C307FFF1F49774100E1BE1F /* RepositorySampleiOSTests.xctest */;
			productType = "com.apple.product-type.bundle.unit-test";
		};
/* End PBXNativeTarget section */

/* Begin PBXProject section */
		7C307FE31F49774100E1BE1F /* Project object */ = {
			isa = PBXProject;
			attributes = {
				LastSwiftUpdateCheck = 0830;
				LastUpgradeCheck = 0830;
				ORGANIZATIONNAME = Nuesoft;
				TargetAttributes = {
					7C307FEA1F49774100E1BE1F = {
						CreatedOnToolsVersion = 8.3.1;
						ProvisioningStyle = Automatic;
					};
					7C307FFE1F49774100E1BE1F = {
						CreatedOnToolsVersion = 8.3.1;
						ProvisioningStyle = Automatic;
						TestTargetID = 7C307FEA1F49774100E1BE1F;
					};
				};
			};
			buildConfigurationList = 7C307FE61F49774100E1BE1F /* Build configuration list for PBXProject "RepositorySampleiOS" */;
			compatibilityVersion = "Xcode 3.2";
			developmentRegion = English;
			hasScannedForEncodings = 0;
			knownRegions = (
				en,
				Base,
			);
			mainGroup = 7C307FE21F49774100E1BE1F;
			productRefGroup = 7C307FEC1F49774100E1BE1F /* Products */;
			projectDirPath = "";
			projectRoot = "";
			targets = (
				7C307FEA1F49774100E1BE1F /* RepositorySampleiOS */,
				7C307FFE1F49774100E1BE1F /* RepositorySampleiOSTests */,
			);
		};
/* End PBXProject section */

/* Begin PBXResourcesBuildPhase section */
		7C307FE91F49774100E1BE1F /* Resources */ = {
			isa = PBXResourcesBuildPhase;
			buildActionMask = 2147483647;
			files = (
				7C307FF91F49774100E1BE1F /* LaunchScreen.storyboard in Resources */,
				7C307FF61F49774100E1BE1F /* Assets.xcassets in Resources */,
				7C307FF41F49774100E1BE1F /* Main.storyboard in Resources */,
			);
			runOnlyForDeploymentPostprocessing = 0;
		};
		7C307FFD1F49774100E1BE1F /* Resources */ = {
			isa = PBXResourcesBuildPhase;
			buildActionMask = 2147483647;
			files = (
			);
			runOnlyForDeploymentPostprocessing = 0;
		};
/* End PBXResourcesBuildPhase section */

/* Begin PBXShellScriptBuildPhase section */
		02530AA6EF3530EC38C54ECF /* [CP] Embed Pods Frameworks */ = {
			isa = PBXShellScriptBuildPhase;
			buildActionMask = 2147483647;
			files = (
			);
			inputPaths = (
				"${SRCROOT}/Pods/Target Support Files/Pods-RepositorySampleiOS/Pods-RepositorySampleiOS-frameworks.sh",
				"${BUILT_PRODUCTS_DIR}/JWTDecode/JWTDecode.framework",
				"${BUILT_PRODUCTS_DIR}/PromiseKit/PromiseKit.framework",
				"${BUILT_PRODUCTS_DIR}/SwiftyJSON/SwiftyJSON.framework",
			);
			name = "[CP] Embed Pods Frameworks";
			outputPaths = (
				"${TARGET_BUILD_DIR}/${FRAMEWORKS_FOLDER_PATH}/JWTDecode.framework",
				"${TARGET_BUILD_DIR}/${FRAMEWORKS_FOLDER_PATH}/PromiseKit.framework",
				"${TARGET_BUILD_DIR}/${FRAMEWORKS_FOLDER_PATH}/SwiftyJSON.framework",
			);
			runOnlyForDeploymentPostprocessing = 0;
			shellPath = /bin/sh;
			shellScript = "\"${SRCROOT}/Pods/Target Support Files/Pods-RepositorySampleiOS/Pods-RepositorySampleiOS-frameworks.sh\"\n";
			showEnvVarsInLog = 0;
		};
		1FEBE0264AA3094D8E3FB30B /* [CP] Check Pods Manifest.lock */ = {
			isa = PBXShellScriptBuildPhase;
			buildActionMask = 2147483647;
			files = (
			);
			inputPaths = (
				"${PODS_PODFILE_DIR_PATH}/Podfile.lock",
				"${PODS_ROOT}/Manifest.lock",
			);
			name = "[CP] Check Pods Manifest.lock";
			outputPaths = (
				"$(DERIVED_FILE_DIR)/Pods-RepositorySampleiOSTests-checkManifestLockResult.txt",
			);
			runOnlyForDeploymentPostprocessing = 0;
			shellPath = /bin/sh;
			shellScript = "diff \"${PODS_PODFILE_DIR_PATH}/Podfile.lock\" \"${PODS_ROOT}/Manifest.lock\" > /dev/null\nif [ $? != 0 ] ; then\n    # print error to STDERR\n    echo \"error: The sandbox is not in sync with the Podfile.lock. Run 'pod install' or update your CocoaPods installation.\" >&2\n    exit 1\nfi\n# This output is used by Xcode 'outputs' to avoid re-running this script phase.\necho \"SUCCESS\" > \"${SCRIPT_OUTPUT_FILE_0}\"\n";
			showEnvVarsInLog = 0;
		};
		665F18B670C90BE0FDE3BE00 /* [CP] Copy Pods Resources */ = {
			isa = PBXShellScriptBuildPhase;
			buildActionMask = 2147483647;
			files = (
			);
			inputPaths = (
			);
			name = "[CP] Copy Pods Resources";
			outputPaths = (
			);
			runOnlyForDeploymentPostprocessing = 0;
			shellPath = /bin/sh;
			shellScript = "\"${SRCROOT}/Pods/Target Support Files/Pods-RepositorySampleiOSTests/Pods-RepositorySampleiOSTests-resources.sh\"\n";
			showEnvVarsInLog = 0;
		};
		88289E1DA0D3CF2412A93B85 /* [CP] Check Pods Manifest.lock */ = {
			isa = PBXShellScriptBuildPhase;
			buildActionMask = 2147483647;
			files = (
			);
			inputPaths = (
				"${PODS_PODFILE_DIR_PATH}/Podfile.lock",
				"${PODS_ROOT}/Manifest.lock",
			);
			name = "[CP] Check Pods Manifest.lock";
			outputPaths = (
				"$(DERIVED_FILE_DIR)/Pods-RepositorySampleiOS-checkManifestLockResult.txt",
			);
			runOnlyForDeploymentPostprocessing = 0;
			shellPath = /bin/sh;
			shellScript = "diff \"${PODS_PODFILE_DIR_PATH}/Podfile.lock\" \"${PODS_ROOT}/Manifest.lock\" > /dev/null\nif [ $? != 0 ] ; then\n    # print error to STDERR\n    echo \"error: The sandbox is not in sync with the Podfile.lock. Run 'pod install' or update your CocoaPods installation.\" >&2\n    exit 1\nfi\n# This output is used by Xcode 'outputs' to avoid re-running this script phase.\necho \"SUCCESS\" > \"${SCRIPT_OUTPUT_FILE_0}\"\n";
			showEnvVarsInLog = 0;
		};
		B56C5D20706B44BD0A8FF8C7 /* [CP] Copy Pods Resources */ = {
			isa = PBXShellScriptBuildPhase;
			buildActionMask = 2147483647;
			files = (
			);
			inputPaths = (
			);
			name = "[CP] Copy Pods Resources";
			outputPaths = (
			);
			runOnlyForDeploymentPostprocessing = 0;
			shellPath = /bin/sh;
			shellScript = "\"${SRCROOT}/Pods/Target Support Files/Pods-RepositorySampleiOS/Pods-RepositorySampleiOS-resources.sh\"\n";
			showEnvVarsInLog = 0;
		};
		DF7F417194DEF889B4ACB79D /* [CP] Embed Pods Frameworks */ = {
			isa = PBXShellScriptBuildPhase;
			buildActionMask = 2147483647;
			files = (
			);
			inputPaths = (
				"${SRCROOT}/Pods/Target Support Files/Pods-RepositorySampleiOSTests/Pods-RepositorySampleiOSTests-frameworks.sh",
				"${BUILT_PRODUCTS_DIR}/JWTDecode/JWTDecode.framework",
				"${BUILT_PRODUCTS_DIR}/PromiseKit/PromiseKit.framework",
			);
			name = "[CP] Embed Pods Frameworks";
			outputPaths = (
				"${TARGET_BUILD_DIR}/${FRAMEWORKS_FOLDER_PATH}/JWTDecode.framework",
				"${TARGET_BUILD_DIR}/${FRAMEWORKS_FOLDER_PATH}/PromiseKit.framework",
			);
			runOnlyForDeploymentPostprocessing = 0;
			shellPath = /bin/sh;
			shellScript = "\"${SRCROOT}/Pods/Target Support Files/Pods-RepositorySampleiOSTests/Pods-RepositorySampleiOSTests-frameworks.sh\"\n";
			showEnvVarsInLog = 0;
		};
/* End PBXShellScriptBuildPhase section */

/* Begin PBXSourcesBuildPhase section */
		7C307FE71F49774100E1BE1F /* Sources */ = {
			isa = PBXSourcesBuildPhase;
			buildActionMask = 2147483647;
			files = (
				7C30801B1F497A6A00E1BE1F /* Store.swift in Sources */,
				7C30802F1F544AF900E1BE1F /* Authenticator.swift in Sources */,
				7C3080171F497A0400E1BE1F /* BaseModel.swift in Sources */,
				7C307FF11F49774100E1BE1F /* ViewController.swift in Sources */,
				7CC08A0A1F55B39100523C08 /* JwtTokenHelper.swift in Sources */,
				7C3080251F53FF0D00E1BE1F /* Code.swift in Sources */,
				7C30802D1F54361300E1BE1F /* Response.swift in Sources */,
				7C3080211F53FA5A00E1BE1F /* BaseCRUDProvider.swift in Sources */,
				7CC08A061F55A09700523C08 /* Member.swift in Sources */,
				7C307FEF1F49774100E1BE1F /* AppDelegate.swift in Sources */,
				7C3080121F49790900E1BE1F /* RestAdapter.swift in Sources */,
				7C3080281F54029C00E1BE1F /* Request.swift in Sources */,
				7C3080231F53FB6000E1BE1F /* IAdapter.swift in Sources */,
			);
			runOnlyForDeploymentPostprocessing = 0;
		};
		7C307FFB1F49774100E1BE1F /* Sources */ = {
			isa = PBXSourcesBuildPhase;
			buildActionMask = 2147483647;
			files = (
				7C3080311F544EEC00E1BE1F /* UserDefaultTest.swift in Sources */,
				7C3080041F49774100E1BE1F /* RepositorySampleiOSTests.swift in Sources */,
				7CC08A0C1F56C03F00523C08 /* AuthenticationTest.swift in Sources */,
			);
			runOnlyForDeploymentPostprocessing = 0;
		};
/* End PBXSourcesBuildPhase section */

/* Begin PBXTargetDependency section */
		7C3080011F49774100E1BE1F /* PBXTargetDependency */ = {
			isa = PBXTargetDependency;
			target = 7C307FEA1F49774100E1BE1F /* RepositorySampleiOS */;
			targetProxy = 7C3080001F49774100E1BE1F /* PBXContainerItemProxy */;
		};
/* End PBXTargetDependency section */

/* Begin PBXVariantGroup section */
		7C307FF21F49774100E1BE1F /* Main.storyboard */ = {
			isa = PBXVariantGroup;
			children = (
				7C307FF31F49774100E1BE1F /* Base */,
			);
			name = Main.storyboard;
			sourceTree = "<group>";
		};
		7C307FF71F49774100E1BE1F /* LaunchScreen.storyboard */ = {
			isa = PBXVariantGroup;
			children = (
				7C307FF81F49774100E1BE1F /* Base */,
			);
			name = LaunchScreen.storyboard;
			sourceTree = "<group>";
		};
/* End PBXVariantGroup section */

/* Begin XCBuildConfiguration section */
		7C3080061F49774100E1BE1F /* Debug */ = {
			isa = XCBuildConfiguration;
			buildSettings = {
				ALWAYS_SEARCH_USER_PATHS = NO;
				CLANG_ANALYZER_NONNULL = YES;
				CLANG_ANALYZER_NUMBER_OBJECT_CONVERSION = YES_AGGRESSIVE;
				CLANG_CXX_LANGUAGE_STANDARD = "gnu++0x";
				CLANG_CXX_LIBRARY = "libc++";
				CLANG_ENABLE_MODULES = YES;
				CLANG_ENABLE_OBJC_ARC = YES;
				CLANG_WARN_BOOL_CONVERSION = YES;
				CLANG_WARN_CONSTANT_CONVERSION = YES;
				CLANG_WARN_DIRECT_OBJC_ISA_USAGE = YES_ERROR;
				CLANG_WARN_DOCUMENTATION_COMMENTS = YES;
				CLANG_WARN_EMPTY_BODY = YES;
				CLANG_WARN_ENUM_CONVERSION = YES;
				CLANG_WARN_INFINITE_RECURSION = YES;
				CLANG_WARN_INT_CONVERSION = YES;
				CLANG_WARN_OBJC_ROOT_CLASS = YES_ERROR;
				CLANG_WARN_SUSPICIOUS_MOVE = YES;
				CLANG_WARN_UNREACHABLE_CODE = YES;
				CLANG_WARN__DUPLICATE_METHOD_MATCH = YES;
				"CODE_SIGN_IDENTITY[sdk=iphoneos*]" = "iPhone Developer";
				COPY_PHASE_STRIP = NO;
				DEBUG_INFORMATION_FORMAT = dwarf;
				ENABLE_STRICT_OBJC_MSGSEND = YES;
				ENABLE_TESTABILITY = YES;
				GCC_C_LANGUAGE_STANDARD = gnu99;
				GCC_DYNAMIC_NO_PIC = NO;
				GCC_NO_COMMON_BLOCKS = YES;
				GCC_OPTIMIZATION_LEVEL = 0;
				GCC_PREPROCESSOR_DEFINITIONS = (
					"DEBUG=1",
					"$(inherited)",
				);
				GCC_WARN_64_TO_32_BIT_CONVERSION = YES;
				GCC_WARN_ABOUT_RETURN_TYPE = YES_ERROR;
				GCC_WARN_UNDECLARED_SELECTOR = YES;
				GCC_WARN_UNINITIALIZED_AUTOS = YES_AGGRESSIVE;
				GCC_WARN_UNUSED_FUNCTION = YES;
				GCC_WARN_UNUSED_VARIABLE = YES;
				IPHONEOS_DEPLOYMENT_TARGET = 10.3;
				MTL_ENABLE_DEBUG_INFO = YES;
				ONLY_ACTIVE_ARCH = YES;
				SDKROOT = iphoneos;
				SWIFT_ACTIVE_COMPILATION_CONDITIONS = DEBUG;
				SWIFT_OPTIMIZATION_LEVEL = "-Onone";
				TARGETED_DEVICE_FAMILY = "1,2";
			};
			name = Debug;
		};
		7C3080071F49774100E1BE1F /* Release */ = {
			isa = XCBuildConfiguration;
			buildSettings = {
				ALWAYS_SEARCH_USER_PATHS = NO;
				CLANG_ANALYZER_NONNULL = YES;
				CLANG_ANALYZER_NUMBER_OBJECT_CONVERSION = YES_AGGRESSIVE;
				CLANG_CXX_LANGUAGE_STANDARD = "gnu++0x";
				CLANG_CXX_LIBRARY = "libc++";
				CLANG_ENABLE_MODULES = YES;
				CLANG_ENABLE_OBJC_ARC = YES;
				CLANG_WARN_BOOL_CONVERSION = YES;
				CLANG_WARN_CONSTANT_CONVERSION = YES;
				CLANG_WARN_DIRECT_OBJC_ISA_USAGE = YES_ERROR;
				CLANG_WARN_DOCUMENTATION_COMMENTS = YES;
				CLANG_WARN_EMPTY_BODY = YES;
				CLANG_WARN_ENUM_CONVERSION = YES;
				CLANG_WARN_INFINITE_RECURSION = YES;
				CLANG_WARN_INT_CONVERSION = YES;
				CLANG_WARN_OBJC_ROOT_CLASS = YES_ERROR;
				CLANG_WARN_SUSPICIOUS_MOVE = YES;
				CLANG_WARN_UNREACHABLE_CODE = YES;
				CLANG_WARN__DUPLICATE_METHOD_MATCH = YES;
				"CODE_SIGN_IDENTITY[sdk=iphoneos*]" = "iPhone Developer";
				COPY_PHASE_STRIP = NO;
				DEBUG_INFORMATION_FORMAT = "dwarf-with-dsym";
				ENABLE_NS_ASSERTIONS = NO;
				ENABLE_STRICT_OBJC_MSGSEND = YES;
				GCC_C_LANGUAGE_STANDARD = gnu99;
				GCC_NO_COMMON_BLOCKS = YES;
				GCC_WARN_64_TO_32_BIT_CONVERSION = YES;
				GCC_WARN_ABOUT_RETURN_TYPE = YES_ERROR;
				GCC_WARN_UNDECLARED_SELECTOR = YES;
				GCC_WARN_UNINITIALIZED_AUTOS = YES_AGGRESSIVE;
				GCC_WARN_UNUSED_FUNCTION = YES;
				GCC_WARN_UNUSED_VARIABLE = YES;
				IPHONEOS_DEPLOYMENT_TARGET = 10.3;
				MTL_ENABLE_DEBUG_INFO = NO;
				SDKROOT = iphoneos;
				SWIFT_OPTIMIZATION_LEVEL = "-Owholemodule";
				TARGETED_DEVICE_FAMILY = "1,2";
				VALIDATE_PRODUCT = YES;
			};
			name = Release;
		};
		7C3080091F49774100E1BE1F /* Debug */ = {
			isa = XCBuildConfiguration;
			baseConfigurationReference = 14FE44FB1E36512BBC61C265 /* Pods-RepositorySampleiOS.debug.xcconfig */;
			buildSettings = {
				ASSETCATALOG_COMPILER_APPICON_NAME = AppIcon;
				INFOPLIST_FILE = RepositorySampleiOS/Info.plist;
				LD_RUNPATH_SEARCH_PATHS = "$(inherited) @executable_path/Frameworks";
				PRODUCT_BUNDLE_IDENTIFIER = nuesoft.RepositorySampleiOS;
				PRODUCT_NAME = "$(TARGET_NAME)";
				SWIFT_VERSION = 3.0;
			};
			name = Debug;
		};
		7C30800A1F49774100E1BE1F /* Release */ = {
			isa = XCBuildConfiguration;
			baseConfigurationReference = B32FC2C4EF76972A483B2E75 /* Pods-RepositorySampleiOS.release.xcconfig */;
			buildSettings = {
				ASSETCATALOG_COMPILER_APPICON_NAME = AppIcon;
				INFOPLIST_FILE = RepositorySampleiOS/Info.plist;
				LD_RUNPATH_SEARCH_PATHS = "$(inherited) @executable_path/Frameworks";
				PRODUCT_BUNDLE_IDENTIFIER = nuesoft.RepositorySampleiOS;
				PRODUCT_NAME = "$(TARGET_NAME)";
				SWIFT_VERSION = 3.0;
			};
			name = Release;
		};
		7C30800C1F49774100E1BE1F /* Debug */ = {
			isa = XCBuildConfiguration;
			baseConfigurationReference = 0855065E6D5FED9EB10457A9 /* Pods-RepositorySampleiOSTests.debug.xcconfig */;
			buildSettings = {
				ALWAYS_EMBED_SWIFT_STANDARD_LIBRARIES = YES;
				BUNDLE_LOADER = "$(TEST_HOST)";
				INFOPLIST_FILE = RepositorySampleiOSTests/Info.plist;
				LD_RUNPATH_SEARCH_PATHS = "$(inherited) @executable_path/Frameworks @loader_path/Frameworks";
				PRODUCT_BUNDLE_IDENTIFIER = nuesoft.RepositorySampleiOSTests;
				PRODUCT_NAME = "$(TARGET_NAME)";
				SWIFT_VERSION = 3.0;
				TEST_HOST = "$(BUILT_PRODUCTS_DIR)/RepositorySampleiOS.app/RepositorySampleiOS";
			};
			name = Debug;
		};
		7C30800D1F49774100E1BE1F /* Release */ = {
			isa = XCBuildConfiguration;
			baseConfigurationReference = 7C413D52192C353C0B1F2EC4 /* Pods-RepositorySampleiOSTests.release.xcconfig */;
			buildSettings = {
				ALWAYS_EMBED_SWIFT_STANDARD_LIBRARIES = YES;
				BUNDLE_LOADER = "$(TEST_HOST)";
				INFOPLIST_FILE = RepositorySampleiOSTests/Info.plist;
				LD_RUNPATH_SEARCH_PATHS = "$(inherited) @executable_path/Frameworks @loader_path/Frameworks";
				PRODUCT_BUNDLE_IDENTIFIER = nuesoft.RepositorySampleiOSTests;
				PRODUCT_NAME = "$(TARGET_NAME)";
				SWIFT_VERSION = 3.0;
				TEST_HOST = "$(BUILT_PRODUCTS_DIR)/RepositorySampleiOS.app/RepositorySampleiOS";
			};
			name = Release;
		};
/* End XCBuildConfiguration section */

/* Begin XCConfigurationList section */
		7C307FE61F49774100E1BE1F /* Build configuration list for PBXProject "RepositorySampleiOS" */ = {
			isa = XCConfigurationList;
			buildConfigurations = (
				7C3080061F49774100E1BE1F /* Debug */,
				7C3080071F49774100E1BE1F /* Release */,
			);
			defaultConfigurationIsVisible = 0;
			defaultConfigurationName = Release;
		};
		7C3080081F49774100E1BE1F /* Build configuration list for PBXNativeTarget "RepositorySampleiOS" */ = {
			isa = XCConfigurationList;
			buildConfigurations = (
				7C3080091F49774100E1BE1F /* Debug */,
				7C30800A1F49774100E1BE1F /* Release */,
			);
			defaultConfigurationIsVisible = 0;
			defaultConfigurationName = Release;
		};
		7C30800B1F49774100E1BE1F /* Build configuration list for PBXNativeTarget "RepositorySampleiOSTests" */ = {
			isa = XCConfigurationList;
			buildConfigurations = (
				7C30800C1F49774100E1BE1F /* Debug */,
				7C30800D1F49774100E1BE1F /* Release */,
			);
			defaultConfigurationIsVisible = 0;
			defaultConfigurationName = Release;
		};
/* End XCConfigurationList section */
	};
	rootObject = 7C307FE31F49774100E1BE1F /* Project object */;
}
